{
  "version": 4,
  "terraform_version": "1.4.6",
  "serial": 65,
  "lineage": "6b5fc562-4220-9189-02ff-95be25a4c9c8",
  "outputs": {
    "unmanaged_repositories": {
      "value": [
        "recursive-functions"
      ],
      "type": [
        "set",
        "string"
      ]
    }
  },
  "resources": [
    {
      "mode": "data",
      "type": "github_membership",
      "name": "all",
      "provider": "provider[\"registry.terraform.io/integrations/github\"]",
      "instances": [
        {
          "index_key": "AngelNav",
          "schema_version": 0,
          "attributes": {
            "etag": "W/\"86897d7c09d2da08d8f3475b16c96ceabb99502ddae0d58a1a7bf7112524afd8\"",
            "id": "TestingOrgCorp:AngelNav",
            "organization": null,
            "role": "admin",
            "state": "active",
            "username": "AngelNav"
          },
          "sensitive_attributes": []
        },
        {
          "index_key": "HectorGarciaMGM",
          "schema_version": 0,
          "attributes": {
            "etag": "W/\"489ed2d0a26bbea53dc266263d967be461c2a215705374f427ab2ad7a9ab5352\"",
            "id": "TestingOrgCorp:HectorGarciaMGM",
            "organization": null,
            "role": "member",
            "state": "pending",
            "username": "HectorGarciaMGM"
          },
          "sensitive_attributes": []
        }
      ]
    },
    {
      "mode": "data",
      "type": "github_organization",
      "name": "mgm",
      "provider": "provider[\"registry.terraform.io/integrations/github\"]",
      "instances": [
        {
          "schema_version": 0,
          "attributes": {
            "advanced_security_enabled_for_new_repositories": false,
            "default_repository_permission": "read",
            "dependabot_alerts_enabled_for_new_repositories": false,
            "dependabot_security_updates_enabled_for_new_repositories": false,
            "dependency_graph_enabled_for_new_repositories": false,
            "description": "",
            "id": "152534725",
            "login": "TestingOrgCorp",
            "members": [
              "AngelNav",
              "bill-mgm"
            ],
            "members_allowed_repository_creation_type": "all",
            "members_can_create_internal_repositories": false,
            "members_can_create_pages": true,
            "members_can_create_private_pages": true,
            "members_can_create_private_repositories": true,
            "members_can_create_public_pages": true,
            "members_can_create_public_repositories": true,
            "members_can_create_repositories": true,
            "members_can_fork_private_repositories": true,
            "name": "",
            "node_id": "O_kgDOCRd-xQ",
            "orgname": "TestingOrgCorp",
            "plan": "free",
            "repositories": [
              "TestingOrgCorp/recursive-functions",
              "TestingOrgCorp/mechanical-engineering",
              "TestingOrgCorp/test-Airflow",
              "TestingOrgCorp/other-testing-repository"
            ],
            "secret_scanning_enabled_for_new_repositories": false,
            "secret_scanning_push_protection_enabled_for_new_repositories": false,
            "two_factor_requirement_enabled": false,
            "users": [
              {
                "email": "angel98.nava@gmail.com",
                "id": "MDQ6VXNlcjUyMjg4MDIz",
                "login": "AngelNav",
                "role": "ADMIN"
              },
              {
                "email": "",
                "id": "U_kgDOCNaaHA",
                "login": "bill-mgm",
                "role": "MEMBER"
              }
            ],
            "web_commit_signoff_required": false
          },
          "sensitive_attributes": []
        }
      ]
    },
    {
      "mode": "managed",
      "type": "github_repository",
      "name": "repositories",
      "provider": "provider[\"registry.terraform.io/integrations/github\"]",
      "instances": [
        {
          "index_key": "other-testing-repository",
          "schema_version": 1,
          "attributes": {
            "allow_auto_merge": false,
            "allow_merge_commit": true,
            "allow_rebase_merge": true,
            "allow_squash_merge": true,
            "allow_update_branch": false,
            "archive_on_destroy": true,
            "archived": false,
            "auto_init": null,
            "default_branch": "main",
            "delete_branch_on_merge": false,
            "description": "hello",
            "etag": "W/\"32e2a5f54e80d4d928fbe076aaab34f6d1103b1b54a3e0e3cc471c755b97ba53\"",
            "full_name": "TestingOrgCorp/other-testing-repository",
            "git_clone_url": "git://github.com/TestingOrgCorp/other-testing-repository.git",
            "gitignore_template": null,
            "has_discussions": false,
            "has_downloads": false,
            "has_issues": false,
            "has_projects": false,
            "has_wiki": false,
            "homepage_url": "",
            "html_url": "https://github.com/TestingOrgCorp/other-testing-repository",
            "http_clone_url": "https://github.com/TestingOrgCorp/other-testing-repository.git",
            "id": "other-testing-repository",
            "ignore_vulnerability_alerts_during_read": null,
            "is_template": false,
            "license_template": null,
            "merge_commit_message": "PR_TITLE",
            "merge_commit_title": "MERGE_MESSAGE",
            "name": "other-testing-repository",
            "node_id": "R_kgDOK0zAeA",
            "pages": [],
            "primary_language": "",
            "private": true,
            "repo_id": 726450296,
            "security_and_analysis": [],
            "squash_merge_commit_message": "COMMIT_MESSAGES",
            "squash_merge_commit_title": "COMMIT_OR_PR_TITLE",
            "ssh_clone_url": "git@github.com:TestingOrgCorp/other-testing-repository.git",
            "svn_url": "https://github.com/TestingOrgCorp/other-testing-repository",
            "template": [],
            "topics": [],
            "visibility": "private",
            "vulnerability_alerts": false
          },
          "sensitive_attributes": [],
          "private": "eyJzY2hlbWFfdmVyc2lvbiI6IjEifQ=="
        },
        {
          "index_key": "test-Airflow",
          "schema_version": 1,
          "attributes": {
            "allow_auto_merge": false,
            "allow_merge_commit": true,
            "allow_rebase_merge": true,
            "allow_squash_merge": true,
            "allow_update_branch": false,
            "archive_on_destroy": true,
            "archived": false,
            "auto_init": null,
            "default_branch": "main",
            "delete_branch_on_merge": false,
            "description": "Testing Airflow repo",
            "etag": "W/\"9ca048d1766a5db02b37c2ca99f527598da7fac450b26e6ba0c746db07e5c66f\"",
            "full_name": "TestingOrgCorp/test-Airflow",
            "git_clone_url": "git://github.com/TestingOrgCorp/test-Airflow.git",
            "gitignore_template": null,
            "has_discussions": false,
            "has_downloads": false,
            "has_issues": false,
            "has_projects": false,
            "has_wiki": false,
            "homepage_url": "",
            "html_url": "https://github.com/TestingOrgCorp/test-Airflow",
            "http_clone_url": "https://github.com/TestingOrgCorp/test-Airflow.git",
            "id": "test-Airflow",
            "ignore_vulnerability_alerts_during_read": null,
            "is_template": false,
            "license_template": null,
            "merge_commit_message": "PR_TITLE",
            "merge_commit_title": "MERGE_MESSAGE",
            "name": "test-Airflow",
            "node_id": "R_kgDOK0y4CQ",
            "pages": [],
            "primary_language": "",
            "private": true,
            "repo_id": 726448137,
            "security_and_analysis": [],
            "squash_merge_commit_message": "COMMIT_MESSAGES",
            "squash_merge_commit_title": "COMMIT_OR_PR_TITLE",
            "ssh_clone_url": "git@github.com:TestingOrgCorp/test-Airflow.git",
            "svn_url": "https://github.com/TestingOrgCorp/test-Airflow",
            "template": [],
            "topics": [],
            "visibility": "private",
            "vulnerability_alerts": false
          },
          "sensitive_attributes": [],
          "private": "eyJzY2hlbWFfdmVyc2lvbiI6IjEifQ=="
        }
      ]
    },
    {
      "mode": "managed",
      "type": "github_team",
      "name": "all",
      "provider": "provider[\"registry.terraform.io/integrations/github\"]",
      "instances": [
        {
          "index_key": "test-team",
          "schema_version": 0,
          "attributes": {
            "create_default_maintainer": true,
            "description": "Team for testing terraform",
            "etag": "W/\"f4b6a5857a5bcf6c3859eb4e8df838f825d97146144e4543e1d631e77b5d8d9a\"",
            "id": "9084346",
            "ldap_dn": "",
            "members_count": 1,
            "name": "test-team",
            "node_id": "T_kwDOCRd-xc4Aip26",
            "parent_team_id": "",
            "parent_team_read_id": "",
            "parent_team_read_slug": "",
            "privacy": "closed",
            "slug": "test-team"
          },
          "sensitive_attributes": [],
          "private": "bnVsbA=="
        }
      ]
    },
    {
      "mode": "managed",
      "type": "github_team_members",
      "name": "members",
      "provider": "provider[\"registry.terraform.io/integrations/github\"]",
      "instances": [
        {
          "index_key": "test-team",
          "schema_version": 0,
          "attributes": {
            "id": "9084346",
            "members": [
              {
                "role": "maintainer",
                "username": "AngelNav"
              },
              {
                "role": "member",
                "username": "HectorGarciaMGM"
              }
            ],
            "team_id": "9084346"
          },
          "sensitive_attributes": [],
          "private": "bnVsbA==",
          "dependencies": [
            "github_team.all"
          ]
        }
      ]
    },
    {
      "mode": "managed",
      "type": "github_team_repository",
      "name": "repos_team",
      "provider": "provider[\"registry.terraform.io/integrations/github\"]",
      "instances": [
        {
          "index_key": "test-Airflow",
          "schema_version": 0,
          "attributes": {
            "etag": "W/\"1ae2baa467704956e19e656b00bde757f1b5a23aab60a0f3bbf13a1abb5fffec\"",
            "id": "9084346:test-Airflow",
            "permission": "push",
            "repository": "test-Airflow",
            "team_id": "9084346"
          },
          "sensitive_attributes": [],
          "private": "bnVsbA==",
          "dependencies": [
            "github_repository.repositories",
            "github_team.all"
          ]
        }
      ]
    }
  ],
  "check_results": null
}
